
Microsoft Visual Studio Solution File, Format Version 12.00
# Visual Studio Version 17
VisualStudioVersion = 17.8.34525.116
MinimumVisualStudioVersion = 10.0.40219.1
Project("{FAE04EC0-301F-11D3-BF4B-00C04F79EFBC}") = "apitest", "apitest\apitest.csproj", "{D0185186-EB2B-48F6-A453-7A44D860DF11}"
EndProject
Global
	GlobalSection(SolutionConfigurationPlatforms) = preSolution
		Debug|Any CPU = Debug|Any CPU
		Release|Any CPU = Release|Any CPU
	EndGlobalSection
	GlobalSection(ProjectConfigurationPlatforms) = postSolution
		{D0185186-EB2B-48F6-A453-7A44D860DF11}.Debug|Any CPU.ActiveCfg = Debug|Any CPU
		{D0185186-EB2B-48F6-A453-7A44D860DF11}.Debug|Any CPU.Build.0 = Debug|Any CPU
		{D0185186-EB2B-48F6-A453-7A44D860DF11}.Release|Any CPU.ActiveCfg = Release|Any CPU
		{D0185186-EB2B-48F6-A453-7A44D860DF11}.Release|Any CPU.Build.0 = Release|Any CPU
	EndGlobalSection
	GlobalSection(SolutionProperties) = preSolution
		HideSolutionNode = FALSE
	EndGlobalSection
	GlobalSection(ExtensibilityGlobals) = postSolution
		SolutionGuid = {3D9157D3-7A69-4FA6-8FCB-9407879E2689}
	EndGlobalSection
EndGlobal
